# @generated by Move, please check-in and do not edit manually.

[move]
version = 3
manifest_digest = "3C4103934B1E040BB6B23F1D610B4EF9F2F1166A50A104EADCF77467C004C600"
deps_digest = "3C4103934B1E040BB6B23F1D610B4EF9F2F1166A50A104EADCF77467C004C600"

dependencies = [
  { id = "MoveStdlib", name = "MoveStdlib" },
  { name = "One" },
]

[[move.package]]
name = "MoveStdlib"
source = { local = "../move-stdlib" }

[[move.package]]
name = "One"
source = { local = "../one-framework" }

dependencies = [
  { id = "MoveStdlib", name = "MoveStdlib" },
]

[move.toolchain-version]
compiler-version = "1.0.0"
edition = "2024.beta"
flavor = "one"
